
Microsoft Visual Studio Solution File, Format Version 12.00
# Visual Studio Version 17
VisualStudioVersion = 17.4.33213.308
MinimumVisualStudioVersion = 10.0.40219.1
Project("{FAE04EC0-301F-11D3-BF4B-00C04F79EFBC}") = "Final-Project-BackEnd", "Final-Project-BackEnd\Final-Project-BackEnd.csproj", "{F3F2C42F-C785-47A2-B6FD-63DCFB33851C}"
EndProject
Global
	GlobalSection(SolutionConfigurationPlatforms) = preSolution
		Debug|Any CPU = Debug|Any CPU
		Release|Any CPU = Release|Any CPU
	EndGlobalSection
	GlobalSection(ProjectConfigurationPlatforms) = postSolution
		{F3F2C42F-C785-47A2-B6FD-63DCFB33851C}.Debug|Any CPU.ActiveCfg = Debug|Any CPU
		{F3F2C42F-C785-47A2-B6FD-63DCFB33851C}.Debug|Any CPU.Build.0 = Debug|Any CPU
		{F3F2C42F-C785-47A2-B6FD-63DCFB33851C}.Release|Any CPU.ActiveCfg = Release|Any CPU
		{F3F2C42F-C785-47A2-B6FD-63DCFB33851C}.Release|Any CPU.Build.0 = Release|Any CPU
	EndGlobalSection
	GlobalSection(SolutionProperties) = preSolution
		HideSolutionNode = FALSE
	EndGlobalSection
	GlobalSection(ExtensibilityGlobals) = postSolution
		SolutionGuid = {2C794076-B774-4ACD-B3BB-7DDAE7F27B9E}
	EndGlobalSection
EndGlobal
